// !$*UTF8*$!
{
	archiveVersion = 1;
	classes = {
	};
	objectVersion = 50;
	objects = {

/* Begin PBXBuildFile section */
		553CD5312B573A93002C39D5 /* AAPLAppDelegate.m in Sources */ = {isa = PBXBuildFile; fileRef = 553CD52C2B573A93002C39D5 /* AAPLAppDelegate.m */; };
		553CD5322B573A93002C39D5 /* AAPLPlayerView.m in Sources */ = {isa = PBXBuildFile; fileRef = 553CD52F2B573A93002C39D5 /* AAPLPlayerView.m */; };
		553CD5332B573A93002C39D5 /* AAPLPlayerViewController.m in Sources */ = {isa = PBXBuildFile; fileRef = 553CD5302B573A93002C39D5 /* AAPLPlayerViewController.m */; };
		553CD54A2B573B01002C39D5 /* CollectionViewController.m in Sources */ = {isa = PBXBuildFile; fileRef = 553CD5412B573B01002C39D5 /* CollectionViewController.m */; };
		553CD54B2B573B01002C39D5 /* CustomCellBackground.m in Sources */ = {isa = PBXBuildFile; fileRef = 553CD5422B573B01002C39D5 /* CustomCellBackground.m */; };
		553CD54C2B573B01002C39D5 /* Spawn.m in Sources */ = {isa = PBXBuildFile; fileRef = 553CD5442B573B01002C39D5 /* Spawn.m */; };
		553CD54E2B573B01002C39D5 /* Cell.m in Sources */ = {isa = PBXBuildFile; fileRef = 553CD5482B573B01002C39D5 /* Cell.m */; };
		553CD5592B573BCA002C39D5 /* UIKit.framework in Frameworks */ = {isa = PBXBuildFile; fileRef = 553CD5582B573BCA002C39D5 /* UIKit.framework */; };
		553CD55C2B573BD3002C39D5 /* AVFoundation.framework in Frameworks */ = {isa = PBXBuildFile; fileRef = 553CD55A2B573BD3002C39D5 /* AVFoundation.framework */; };
		553CD55D2B573BD3002C39D5 /* AVKit.framework in Frameworks */ = {isa = PBXBuildFile; fileRef = 553CD55B2B573BD3002C39D5 /* AVKit.framework */; };
		553CD55F2B573BDC002C39D5 /* CoreMedia.framework in Frameworks */ = {isa = PBXBuildFile; fileRef = 553CD55E2B573BDC002C39D5 /* CoreMedia.framework */; };
		553CD5612B573BE3002C39D5 /* Foundation.framework in Frameworks */ = {isa = PBXBuildFile; fileRef = 553CD5602B573BE3002C39D5 /* Foundation.framework */; };
		55D375D42B5741E800844216 /* main.m in Sources */ = {isa = PBXBuildFile; fileRef = 55D375D12B5741E800844216 /* main.m */; };
		55D375D62B5741E800844216 /* Assets.xcassets in Resources */ = {isa = PBXBuildFile; fileRef = 55D375D32B5741E800844216 /* Assets.xcassets */; };
		55D375DA2B5741F400844216 /* Main.storyboard in Resources */ = {isa = PBXBuildFile; fileRef = 55D375D82B5741F400844216 /* Main.storyboard */; };
		55D375DE2B57420100844216 /* Localizable.strings in Resources */ = {isa = PBXBuildFile; fileRef = 55D375DC2B57420100844216 /* Localizable.strings */; };
/* End PBXBuildFile section */

/* Begin PBXFileReference section */
		553CD50B2B5738BD002C39D5 /* PyrusPlay.app */ = {isa = PBXFileReference; explicitFileType = wrapper.application; includeInIndex = 0; path = PyrusPlay.app; sourceTree = BUILT_PRODUCTS_DIR; };
		553CD52B2B573A93002C39D5 /* AAPLPlayerViewController.h */ = {isa = PBXFileReference; fileEncoding = 4; lastKnownFileType = sourcecode.c.h; path = AAPLPlayerViewController.h; sourceTree = "<group>"; };
		553CD52C2B573A93002C39D5 /* AAPLAppDelegate.m */ = {isa = PBXFileReference; fileEncoding = 4; lastKnownFileType = sourcecode.c.objc; path = AAPLAppDelegate.m; sourceTree = "<group>"; };
		553CD52D2B573A93002C39D5 /* AAPLAppDelegate.h */ = {isa = PBXFileReference; fileEncoding = 4; lastKnownFileType = sourcecode.c.h; path = AAPLAppDelegate.h; sourceTree = "<group>"; };
		553CD52E2B573A93002C39D5 /* AAPLPlayerView.h */ = {isa = PBXFileReference; fileEncoding = 4; lastKnownFileType = sourcecode.c.h; path = AAPLPlayerView.h; sourceTree = "<group>"; };
		553CD52F2B573A93002C39D5 /* AAPLPlayerView.m */ = {isa = PBXFileReference; fileEncoding = 4; lastKnownFileType = sourcecode.c.objc; path = AAPLPlayerView.m; sourceTree = "<group>"; };
		553CD5302B573A93002C39D5 /* AAPLPlayerViewController.m */ = {isa = PBXFileReference; fileEncoding = 4; lastKnownFileType = sourcecode.c.objc; path = AAPLPlayerViewController.m; sourceTree = "<group>"; };
		553CD53F2B573B01002C39D5 /* CollectionViewController.h */ = {isa = PBXFileReference; fileEncoding = 4; lastKnownFileType = sourcecode.c.h; path = CollectionViewController.h; sourceTree = "<group>"; };
		553CD5402B573B01002C39D5 /* Cell.h */ = {isa = PBXFileReference; fileEncoding = 4; lastKnownFileType = sourcecode.c.h; path = Cell.h; sourceTree = "<group>"; };
		553CD5412B573B01002C39D5 /* CollectionViewController.m */ = {isa = PBXFileReference; fileEncoding = 4; lastKnownFileType = sourcecode.c.objc; path = CollectionViewController.m; sourceTree = "<group>"; };
		553CD5422B573B01002C39D5 /* CustomCellBackground.m */ = {isa = PBXFileReference; fileEncoding = 4; lastKnownFileType = sourcecode.c.objc; path = CustomCellBackground.m; sourceTree = "<group>"; };
		553CD5432B573B01002C39D5 /* CustomCellBackground.h */ = {isa = PBXFileReference; fileEncoding = 4; lastKnownFileType = sourcecode.c.h; path = CustomCellBackground.h; sourceTree = "<group>"; };
		553CD5442B573B01002C39D5 /* Spawn.m */ = {isa = PBXFileReference; fileEncoding = 4; lastKnownFileType = sourcecode.c.objc; path = Spawn.m; sourceTree = "<group>"; };
		553CD5482B573B01002C39D5 /* Cell.m */ = {isa = PBXFileReference; fileEncoding = 4; lastKnownFileType = sourcecode.c.objc; path = Cell.m; sourceTree = "<group>"; };
		553CD5492B573B01002C39D5 /* Spawn.h */ = {isa = PBXFileReference; fileEncoding = 4; lastKnownFileType = sourcecode.c.h; path = Spawn.h; sourceTree = "<group>"; };
		553CD5582B573BCA002C39D5 /* UIKit.framework */ = {isa = PBXFileReference; lastKnownFileType = wrapper.framework; name = UIKit.framework; path = System/Library/Frameworks/UIKit.framework; sourceTree = SDKROOT; };
		553CD55A2B573BD3002C39D5 /* AVFoundation.framework */ = {isa = PBXFileReference; lastKnownFileType = wrapper.framework; name = AVFoundation.framework; path = System/Library/Frameworks/AVFoundation.framework; sourceTree = SDKROOT; };
		553CD55B2B573BD3002C39D5 /* AVKit.framework */ = {isa = PBXFileReference; lastKnownFileType = wrapper.framework; name = AVKit.framework; path = System/Library/Frameworks/AVKit.framework; sourceTree = SDKROOT; };
		553CD55E2B573BDC002C39D5 /* CoreMedia.framework */ = {isa = PBXFileReference; lastKnownFileType = wrapper.framework; name = CoreMedia.framework; path = System/Library/Frameworks/CoreMedia.framework; sourceTree = SDKROOT; };
		553CD5602B573BE3002C39D5 /* Foundation.framework */ = {isa = PBXFileReference; lastKnownFileType = wrapper.framework; name = Foundation.framework; path = System/Library/Frameworks/Foundation.framework; sourceTree = SDKROOT; };
		555DC76C2B575346009AD75A /* Info.plist */ = {isa = PBXFileReference; fileEncoding = 4; lastKnownFileType = text.plist.xml; path = Info.plist; sourceTree = "<group>"; };
		55D375D12B5741E800844216 /* main.m */ = {isa = PBXFileReference; fileEncoding = 4; lastKnownFileType = sourcecode.c.objc; path = main.m; sourceTree = "<group>"; };
		55D375D32B5741E800844216 /* Assets.xcassets */ = {isa = PBXFileReference; lastKnownFileType = folder.assetcatalog; path = Assets.xcassets; sourceTree = "<group>"; };
		55D375D92B5741F400844216 /* Base */ = {isa = PBXFileReference; lastKnownFileType = file.storyboard; name = Base; path = Base.lproj/Main.storyboard; sourceTree = "<group>"; };
		55D375DD2B57420100844216 /* en */ = {isa = PBXFileReference; lastKnownFileType = text.plist.strings; name = en; path = en.lproj/Localizable.strings; sourceTree = "<group>"; };
/* End PBXFileReference section */

/* Begin PBXFrameworksBuildPhase section */
		553CD5082B5738BD002C39D5 /* Frameworks */ = {
			isa = PBXFrameworksBuildPhase;
			buildActionMask = 2147483647;
			files = (
				553CD5612B573BE3002C39D5 /* Foundation.framework in Frameworks */,
				553CD55F2B573BDC002C39D5 /* CoreMedia.framework in Frameworks */,
				553CD55C2B573BD3002C39D5 /* AVFoundation.framework in Frameworks */,
				553CD5592B573BCA002C39D5 /* UIKit.framework in Frameworks */,
				553CD55D2B573BD3002C39D5 /* AVKit.framework in Frameworks */,
			);
			runOnlyForDeploymentPostprocessing = 0;
		};
/* End PBXFrameworksBuildPhase section */

/* Begin PBXGroup section */
		553CD5022B5738BD002C39D5 = {
			isa = PBXGroup;
			children = (
				553CD50D2B5738BD002C39D5 /* PyrusPlay */,
				553CD50C2B5738BD002C39D5 /* Products */,
				553CD5572B573BCA002C39D5 /* Frameworks */,
			);
			sourceTree = "<group>";
		};
		553CD50C2B5738BD002C39D5 /* Products */ = {
			isa = PBXGroup;
			children = (
				553CD50B2B5738BD002C39D5 /* PyrusPlay.app */,
			);
			name = Products;
			sourceTree = "<group>";
		};
		553CD50D2B5738BD002C39D5 /* PyrusPlay */ = {
			isa = PBXGroup;
			children = (
				553CD5402B573B01002C39D5 /* Cell.h */,
				553CD5482B573B01002C39D5 /* Cell.m */,
				553CD53F2B573B01002C39D5 /* CollectionViewController.h */,
				553CD5412B573B01002C39D5 /* CollectionViewController.m */,
				553CD5432B573B01002C39D5 /* CustomCellBackground.h */,
				553CD5422B573B01002C39D5 /* CustomCellBackground.m */,
				553CD5492B573B01002C39D5 /* Spawn.h */,
				553CD5442B573B01002C39D5 /* Spawn.m */,
				553CD52D2B573A93002C39D5 /* AAPLAppDelegate.h */,
				553CD52C2B573A93002C39D5 /* AAPLAppDelegate.m */,
				553CD52E2B573A93002C39D5 /* AAPLPlayerView.h */,
				553CD52F2B573A93002C39D5 /* AAPLPlayerView.m */,
				553CD52B2B573A93002C39D5 /* AAPLPlayerViewController.h */,
				553CD5302B573A93002C39D5 /* AAPLPlayerViewController.m */,
				55D375E02B57420800844216 /* Supporting Files */,
			);
			path = PyrusPlay;
			sourceTree = "<group>";
		};
		553CD5572B573BCA002C39D5 /* Frameworks */ = {
			isa = PBXGroup;
			children = (
				553CD5602B573BE3002C39D5 /* Foundation.framework */,
				553CD55E2B573BDC002C39D5 /* CoreMedia.framework */,
				553CD55A2B573BD3002C39D5 /* AVFoundation.framework */,
				553CD55B2B573BD3002C39D5 /* AVKit.framework */,
				553CD5582B573BCA002C39D5 /* UIKit.framework */,
			);
			name = Frameworks;
			sourceTree = "<group>";
		};
		55D375E02B57420800844216 /* Supporting Files */ = {
			isa = PBXGroup;
			children = (
				55D375D32B5741E800844216 /* Assets.xcassets */,
				555DC76C2B575346009AD75A /* Info.plist */,
				55D375DC2B57420100844216 /* Localizable.strings */,
				55D375D82B5741F400844216 /* Main.storyboard */,
				55D375D12B5741E800844216 /* main.m */,
			);
			name = "Supporting Files";
			sourceTree = "<group>";
		};
/* End PBXGroup section */

/* Begin PBXNativeTarget section */
		553CD50A2B5738BD002C39D5 /* PyrusPlay */ = {
			isa = PBXNativeTarget;
			buildConfigurationList = 553CD5242B5738C0002C39D5 /* Build configuration list for PBXNativeTarget "PyrusPlay" */;
			buildPhases = (
				553CD5072B5738BD002C39D5 /* Sources */,
				553CD5082B5738BD002C39D5 /* Frameworks */,
				553CD5092B5738BD002C39D5 /* Resources */,
			);
			buildRules = (
			);
			dependencies = (
			);
			name = PyrusPlay;
			productName = PyrusPlay;
			productReference = 553CD50B2B5738BD002C39D5 /* PyrusPlay.app */;
			productType = "com.apple.product-type.application";
		};
/* End PBXNativeTarget section */

/* Begin PBXProject section */
		553CD5032B5738BD002C39D5 /* Project object */ = {
			isa = PBXProject;
			attributes = {
				LastUpgradeCheck = 1240;
				TargetAttributes = {
					553CD50A2B5738BD002C39D5 = {
						CreatedOnToolsVersion = 12.4;
					};
				};
			};
			buildConfigurationList = 553CD5062B5738BD002C39D5 /* Build configuration list for PBXProject "PyrusPlay" */;
			compatibilityVersion = "Xcode 9.3";
			developmentRegion = en;
			hasScannedForEncodings = 0;
			knownRegions = (
				en,
				Base,
			);
			mainGroup = 553CD5022B5738BD002C39D5;
			productRefGroup = 553CD50C2B5738BD002C39D5 /* Products */;
			projectDirPath = "";
			projectRoot = "";
			targets = (
				553CD50A2B5738BD002C39D5 /* PyrusPlay */,
			);
		};
/* End PBXProject section */

/* Begin PBXResourcesBuildPhase section */
		553CD5092B5738BD002C39D5 /* Resources */ = {
			isa = PBXResourcesBuildPhase;
			buildActionMask = 2147483647;
			files = (
				55D375DA2B5741F400844216 /* Main.storyboard in Resources */,
				55D375DE2B57420100844216 /* Localizable.strings in Resources */,
				55D375D62B5741E800844216 /* Assets.xcassets in Resources */,
			);
			runOnlyForDeploymentPostprocessing = 0;
		};
/* End PBXResourcesBuildPhase section */

/* Begin PBXSourcesBuildPhase section */
		553CD5072B5738BD002C39D5 /* Sources */ = {
			isa = PBXSourcesBuildPhase;
			buildActionMask = 2147483647;
			files = (
				553CD54A2B573B01002C39D5 /* CollectionViewController.m in Sources */,
				553CD5322B573A93002C39D5 /* AAPLPlayerView.m in Sources */,
				553CD54B2B573B01002C39D5 /* CustomCellBackground.m in Sources */,
				553CD54E2B573B01002C39D5 /* Cell.m in Sources */,
				553CD5312B573A93002C39D5 /* AAPLAppDelegate.m in Sources */,
				553CD54C2B573B01002C39D5 /* Spawn.m in Sources */,
				55D375D42B5741E800844216 /* main.m in Sources */,
				553CD5332B573A93002C39D5 /* AAPLPlayerViewController.m in Sources */,
			);
			runOnlyForDeploymentPostprocessing = 0;
		};
/* End PBXSourcesBuildPhase section */

/* Begin PBXVariantGroup section */
		55D375D82B5741F400844216 /* Main.storyboard */ = {
			isa = PBXVariantGroup;
			children = (
				55D375D92B5741F400844216 /* Base */,
			);
			name = Main.storyboard;
			sourceTree = "<group>";
		};
		55D375DC2B57420100844216 /* Localizable.strings */ = {
			isa = PBXVariantGroup;
			children = (
				55D375DD2B57420100844216 /* en */,
			);
			name = Localizable.strings;
			sourceTree = "<group>";
		};
/* End PBXVariantGroup section */

/* Begin XCBuildConfiguration section */
		553CD5222B5738C0002C39D5 /* Debug */ = {
			isa = XCBuildConfiguration;
			buildSettings = {
				ALWAYS_SEARCH_USER_PATHS = NO;
				ARCHS = "$(ARCHS_STANDARD)";
				CLANG_ANALYZER_NONNULL = YES;
				CLANG_ANALYZER_NUMBER_OBJECT_CONVERSION = YES_AGGRESSIVE;
				CLANG_CXX_LANGUAGE_STANDARD = "gnu++14";
				CLANG_CXX_LIBRARY = "libc++";
				CLANG_ENABLE_MODULES = YES;
				CLANG_ENABLE_OBJC_ARC = YES;
				CLANG_ENABLE_OBJC_WEAK = YES;
				CLANG_WARN_BLOCK_CAPTURE_AUTORELEASING = YES;
				CLANG_WARN_BOOL_CONVERSION = YES;
				CLANG_WARN_COMMA = YES;
				CLANG_WARN_CONSTANT_CONVERSION = YES;
				CLANG_WARN_DEPRECATED_OBJC_IMPLEMENTATIONS = YES;
				CLANG_WARN_DIRECT_OBJC_ISA_USAGE = YES_ERROR;
				CLANG_WARN_DOCUMENTATION_COMMENTS = YES;
				CLANG_WARN_EMPTY_BODY = YES;
				CLANG_WARN_ENUM_CONVERSION = YES;
				CLANG_WARN_INFINITE_RECURSION = YES;
				CLANG_WARN_INT_CONVERSION = YES;
				CLANG_WARN_NON_LITERAL_NULL_CONVERSION = YES;
				CLANG_WARN_OBJC_IMPLICIT_RETAIN_SELF = YES;
				CLANG_WARN_OBJC_LITERAL_CONVERSION = YES;
				CLANG_WARN_OBJC_ROOT_CLASS = YES_ERROR;
				CLANG_WARN_QUOTED_INCLUDE_IN_FRAMEWORK_HEADER = YES;
				CLANG_WARN_RANGE_LOOP_ANALYSIS = YES;
				CLANG_WARN_STRICT_PROTOTYPES = YES;
				CLANG_WARN_SUSPICIOUS_MOVE = YES;
				CLANG_WARN_UNGUARDED_AVAILABILITY = YES_AGGRESSIVE;
				CLANG_WARN_UNREACHABLE_CODE = YES;
				CLANG_WARN__DUPLICATE_METHOD_MATCH = YES;
				COPY_PHASE_STRIP = NO;
				DEBUG_INFORMATION_FORMAT = dwarf;
				ENABLE_STRICT_OBJC_MSGSEND = YES;
				ENABLE_TESTABILITY = YES;
				GCC_C_LANGUAGE_STANDARD = gnu11;
				GCC_DYNAMIC_NO_PIC = NO;
				GCC_NO_COMMON_BLOCKS = YES;
				GCC_OPTIMIZATION_LEVEL = 0;
				GCC_PREPROCESSOR_DEFINITIONS = (
					"DEBUG=1",
					"$(inherited)",
				);
				GCC_WARN_64_TO_32_BIT_CONVERSION = YES;
				GCC_WARN_ABOUT_RETURN_TYPE = YES_ERROR;
				GCC_WARN_UNDECLARED_SELECTOR = YES;
				GCC_WARN_UNINITIALIZED_AUTOS = YES_AGGRESSIVE;
				GCC_WARN_UNUSED_FUNCTION = YES;
				GCC_WARN_UNUSED_VARIABLE = YES;
				IPHONEOS_DEPLOYMENT_TARGET = 12.1;
				MTL_ENABLE_DEBUG_INFO = INCLUDE_SOURCE;
				MTL_FAST_MATH = YES;
				ONLY_ACTIVE_ARCH = YES;
				SDKROOT = iphoneos;
			};
			name = Debug;
		};
		553CD5232B5738C0002C39D5 /* Release */ = {
			isa = XCBuildConfiguration;
			buildSettings = {
				ALWAYS_SEARCH_USER_PATHS = NO;
				ARCHS = "$(ARCHS_STANDARD)";
				CLANG_ANALYZER_NONNULL = YES;
				CLANG_ANALYZER_NUMBER_OBJECT_CONVERSION = YES_AGGRESSIVE;
				CLANG_CXX_LANGUAGE_STANDARD = "gnu++14";
				CLANG_CXX_LIBRARY = "libc++";
				CLANG_ENABLE_MODULES = YES;
				CLANG_ENABLE_OBJC_ARC = YES;
				CLANG_ENABLE_OBJC_WEAK = YES;
				CLANG_WARN_BLOCK_CAPTURE_AUTORELEASING = YES;
				CLANG_WARN_BOOL_CONVERSION = YES;
				CLANG_WARN_COMMA = YES;
				CLANG_WARN_CONSTANT_CONVERSION = YES;
				CLANG_WARN_DEPRECATED_OBJC_IMPLEMENTATIONS = YES;
				CLANG_WARN_DIRECT_OBJC_ISA_USAGE = YES_ERROR;
				CLANG_WARN_DOCUMENTATION_COMMENTS = YES;
				CLANG_WARN_EMPTY_BODY = YES;
				CLANG_WARN_ENUM_CONVERSION = YES;
				CLANG_WARN_INFINITE_RECURSION = YES;
				CLANG_WARN_INT_CONVERSION = YES;
				CLANG_WARN_NON_LITERAL_NULL_CONVERSION = YES;
				CLANG_WARN_OBJC_IMPLICIT_RETAIN_SELF = YES;
				CLANG_WARN_OBJC_LITERAL_CONVERSION = YES;
				CLANG_WARN_OBJC_ROOT_CLASS = YES_ERROR;
				CLANG_WARN_QUOTED_INCLUDE_IN_FRAMEWORK_HEADER = YES;
				CLANG_WARN_RANGE_LOOP_ANALYSIS = YES;
				CLANG_WARN_STRICT_PROTOTYPES = YES;
				CLANG_WARN_SUSPICIOUS_MOVE = YES;
				CLANG_WARN_UNGUARDED_AVAILABILITY = YES_AGGRESSIVE;
				CLANG_WARN_UNREACHABLE_CODE = YES;
				CLANG_WARN__DUPLICATE_METHOD_MATCH = YES;
				COPY_PHASE_STRIP = NO;
				DEBUG_INFORMATION_FORMAT = "dwarf-with-dsym";
				ENABLE_NS_ASSERTIONS = NO;
				ENABLE_STRICT_OBJC_MSGSEND = YES;
				GCC_C_LANGUAGE_STANDARD = gnu11;
				GCC_NO_COMMON_BLOCKS = YES;
				GCC_WARN_64_TO_32_BIT_CONVERSION = YES;
				GCC_WARN_ABOUT_RETURN_TYPE = YES_ERROR;
				GCC_WARN_UNDECLARED_SELECTOR = YES;
				GCC_WARN_UNINITIALIZED_AUTOS = YES_AGGRESSIVE;
				GCC_WARN_UNUSED_FUNCTION = YES;
				GCC_WARN_UNUSED_VARIABLE = YES;
				IPHONEOS_DEPLOYMENT_TARGET = 12.1;
				MTL_ENABLE_DEBUG_INFO = NO;
				MTL_FAST_MATH = YES;
				SDKROOT = iphoneos;
				VALIDATE_PRODUCT = YES;
			};
			name = Release;
		};
		553CD5252B5738C0002C39D5 /* Debug */ = {
			isa = XCBuildConfiguration;
			buildSettings = {
				ARCHS = "$(ARCHS_STANDARD)";
				ASSETCATALOG_COMPILER_APPICON_NAME = AppIcon;
				ASSETCATALOG_COMPILER_GLOBAL_ACCENT_COLOR_NAME = AccentColor;
				CODE_SIGN_STYLE = Automatic;
				CURRENT_PROJECT_VERSION = 1;
				INFOPLIST_FILE = "$(SRCROOT)/PyrusPlay/Info.plist";
				IPHONEOS_DEPLOYMENT_TARGET = 12.1;
				LD_RUNPATH_SEARCH_PATHS = (
					"$(inherited)",
					"@executable_path/Frameworks",
				);
				MARKETING_VERSION = 1.6;
				PRODUCT_BUNDLE_IDENTIFIER = dev.sen0rxol0.PyrusPlay;
				PRODUCT_NAME = "$(TARGET_NAME)";
				TARGETED_DEVICE_FAMILY = "1,2";
			};
			name = Debug;
		};
		553CD5262B5738C0002C39D5 /* Release */ = {
			isa = XCBuildConfiguration;
			buildSettings = {
				ARCHS = "$(ARCHS_STANDARD)";
				ASSETCATALOG_COMPILER_APPICON_NAME = AppIcon;
				ASSETCATALOG_COMPILER_GLOBAL_ACCENT_COLOR_NAME = AccentColor;
				CODE_SIGN_STYLE = Automatic;
				CURRENT_PROJECT_VERSION = 1;
				INFOPLIST_FILE = "$(SRCROOT)/PyrusPlay/Info.plist";
				IPHONEOS_DEPLOYMENT_TARGET = 12.1;
				LD_RUNPATH_SEARCH_PATHS = (
					"$(inherited)",
					"@executable_path/Frameworks",
				);
				MARKETING_VERSION = 1.6;
				PRODUCT_BUNDLE_IDENTIFIER = dev.sen0rxol0.PyrusPlay;
				PRODUCT_NAME = "$(TARGET_NAME)";
				TARGETED_DEVICE_FAMILY = "1,2";
			};
			name = Release;
		};
/* End XCBuildConfiguration section */

/* Begin XCConfigurationList section */
		553CD5062B5738BD002C39D5 /* Build configuration list for PBXProject "PyrusPlay" */ = {
			isa = XCConfigurationList;
			buildConfigurations = (
				553CD5222B5738C0002C39D5 /* Debug */,
				553CD5232B5738C0002C39D5 /* Release */,
			);
			defaultConfigurationIsVisible = 0;
			defaultConfigurationName = Release;
		};
		553CD5242B5738C0002C39D5 /* Build configuration list for PBXNativeTarget "PyrusPlay" */ = {
			isa = XCConfigurationList;
			buildConfigurations = (
				553CD5252B5738C0002C39D5 /* Debug */,
				553CD5262B5738C0002C39D5 /* Release */,
			);
			defaultConfigurationIsVisible = 0;
			defaultConfigurationName = Release;
		};
/* End XCConfigurationList section */
	};
	rootObject = 553CD5032B5738BD002C39D5 /* Project object */;
}
